github.com/Jleagle/unmarshal-go v0.0.0-20190127220637-8ab9c10d2f0a h1:G5x66H0pfUAElcx6zz+rJFZ3pbTtamIWSnIomJD3y9U=
github.com/Jleagle/unmarshal-go v0.0.0-20190127220637-8ab9c10d2f0a/go.mod h1:+hHDI4094ErQxmLu6+WeGWi7XMfc+Vr8FEPy5WyYPJU=
github.com/Jleagle/unmarshal-go v0.0.0-20200116184726-b8d622103706 h1:IW5C+VzXhGNSVCkRVbkfmnjV/7CoVn87rVRe4rlmOVo=
github.com/Jleagle/unmarshal-go v0.0.0-20200116184726-b8d622103706/go.mod h1:ilcgtR3U6eAPVcoKJOG/01kzZH7gaQw1gXM62hUAGHE=
github.com/buger/jsonparser v0.0.0-20181115193947-bf1c66bbce23 h1:D21IyuvjDCshj1/qq+pCNd3VZOAEI9jy6Bi131YlXgI=
github.com/buger/jsonparser v0.0.0-20181115193947-bf1c66bbce23/go.mod h1:bbYlZJ7hK1yFx9hf58LP0zeX7UjIGs20ufpu3evjr+s=
github.com/buger/jsonparser v0.0.0-20191204142016-1a29609e0929/go.mod h1:tgcrVJ81GPSF0mz+0nu1Xaz0fazGPrmmJfJtxjbHhUQ=
github.com/juju/ratelimit v1.0.1 h1:+7AIFJVQ0EQgq/K9+0Krm7m530Du7tIz0METWzN0RgY=
github.com/juju/ratelimit v1.0.1/go.mod h1:qapgC/Gy+xNh9UxzV13HGGl/6UXNN+ct+vwSgWNm/qk=
