# This file is autogenerated, do not edit; changes may be undone by the next 'dep ensure'.


[[projects]]
  branch = "master"
  digest = "1:3e4c7966b60df887418bf1b880be9a1e6c36f97ef40491b7bad72d21a4334cd0"
  name = "go.uber.org/ratelimit"
  packages = [
    ".",
    "internal/clock",
  ]
  pruneopts = "UT"
  revision = "c15da02342779cb6dc027fc95ee2277787698f36"

[solve-meta]
  analyzer-name = "dep"
  analyzer-version = 1
  input-imports = ["go.uber.org/ratelimit"]
  solver-name = "gps-cdcl"
  solver-version = 1
