# This file is autogenerated, do not edit; changes may be undone by the next 'dep ensure'.


[[projects]]
  branch = "master"
  digest = "1:6074c04797c522554cda2ad62bb5a91d7fa0b0ef778fc9de40a8c1102eb701a9"
  name = "github.com/Jleagle/unmarshal-go"
  packages = ["unmarshal"]
  pruneopts = "UT"
  revision = "1e09a9276f04b15a711848b1a7fb750a9c931c57"

[solve-meta]
  analyzer-name = "dep"
  analyzer-version = 1
  input-imports = ["github.com/Jleagle/unmarshal-go/unmarshal"]
  solver-name = "gps-cdcl"
  solver-version = 1
